
Microsoft Visual Studio Solution File, Format Version 12.00
# Visual Studio 14
VisualStudioVersion = 14.0.25420.1
MinimumVisualStudioVersion = 10.0.40219.1
Project("{FAE04EC0-301F-11D3-BF4B-00C04F79EFBC}") = "WebAPI", "WebAPI\WebAPI.csproj", "{592E4EC0-CE74-48FC-A752-6F32E18F6BFF}"
EndProject
Project("{FAE04EC0-301F-11D3-BF4B-00C04F79EFBC}") = "WebAPI.Tests", "WebAPI.Tests\WebAPI.Tests.csproj", "{67C87692-D09C-4B76-9C6E-897D04ACB41A}"
EndProject
Project("{FAE04EC0-301F-11D3-BF4B-00C04F79EFBC}") = "WebAPISelfHost", "WebAPISelfHost\WebAPISelfHost.csproj", "{6757D877-34A6-45CF-A7A4-AB7F3586AB4D}"
EndProject
Global
	GlobalSection(SolutionConfigurationPlatforms) = preSolution
		Debug|Any CPU = Debug|Any CPU
		Release|Any CPU = Release|Any CPU
	EndGlobalSection
	GlobalSection(ProjectConfigurationPlatforms) = postSolution
		{592E4EC0-CE74-48FC-A752-6F32E18F6BFF}.Debug|Any CPU.ActiveCfg = Debug|Any CPU
		{592E4EC0-CE74-48FC-A752-6F32E18F6BFF}.Debug|Any CPU.Build.0 = Debug|Any CPU
		{592E4EC0-CE74-48FC-A752-6F32E18F6BFF}.Release|Any CPU.ActiveCfg = Release|Any CPU
		{592E4EC0-CE74-48FC-A752-6F32E18F6BFF}.Release|Any CPU.Build.0 = Release|Any CPU
		{67C87692-D09C-4B76-9C6E-897D04ACB41A}.Debug|Any CPU.ActiveCfg = Debug|Any CPU
		{67C87692-D09C-4B76-9C6E-897D04ACB41A}.Debug|Any CPU.Build.0 = Debug|Any CPU
		{67C87692-D09C-4B76-9C6E-897D04ACB41A}.Release|Any CPU.ActiveCfg = Release|Any CPU
		{67C87692-D09C-4B76-9C6E-897D04ACB41A}.Release|Any CPU.Build.0 = Release|Any CPU
		{6757D877-34A6-45CF-A7A4-AB7F3586AB4D}.Debug|Any CPU.ActiveCfg = Debug|Any CPU
		{6757D877-34A6-45CF-A7A4-AB7F3586AB4D}.Debug|Any CPU.Build.0 = Debug|Any CPU
		{6757D877-34A6-45CF-A7A4-AB7F3586AB4D}.Release|Any CPU.ActiveCfg = Release|Any CPU
		{6757D877-34A6-45CF-A7A4-AB7F3586AB4D}.Release|Any CPU.Build.0 = Release|Any CPU
	EndGlobalSection
	GlobalSection(SolutionProperties) = preSolution
		HideSolutionNode = FALSE
	EndGlobalSection
	GlobalSection(ExtensibilityGlobals) = postSolution
		SolutionGuid = {23AC1608-8FE8-4342-BE59-AE164B46BDAF}
	EndGlobalSection
EndGlobal
